
Microsoft Visual Studio Solution File, Format Version 12.00
# Visual Studio Version 17
VisualStudioVersion = 17.13.35818.85 d17.13
MinimumVisualStudioVersion = 10.0.40219.1
Project("{54A90642-561A-4BB1-A94E-469ADEE60C69}") = "grid_mssql.client", "grid_mssql.client\grid_mssql.client.esproj", "{18682886-ACB0-47C2-313A-1C36E6891CAA}"
EndProject
Project("{FAE04EC0-301F-11D3-BF4B-00C04F79EFBC}") = "Grid_MSSQL.Server", "Grid_MSSQL.Server\Grid_MSSQL.Server.csproj", "{2C66ABA1-728B-406B-9E16-3A82EB4EDA88}"
EndProject
Global
	GlobalSection(SolutionConfigurationPlatforms) = preSolution
		Debug|Any CPU = Debug|Any CPU
		Release|Any CPU = Release|Any CPU
	EndGlobalSection
	GlobalSection(ProjectConfigurationPlatforms) = postSolution
		{18682886-ACB0-47C2-313A-1C36E6891CAA}.Debug|Any CPU.ActiveCfg = Debug|Any CPU
		{18682886-ACB0-47C2-313A-1C36E6891CAA}.Debug|Any CPU.Build.0 = Debug|Any CPU
		{18682886-ACB0-47C2-313A-1C36E6891CAA}.Debug|Any CPU.Deploy.0 = Debug|Any CPU
		{18682886-ACB0-47C2-313A-1C36E6891CAA}.Release|Any CPU.ActiveCfg = Release|Any CPU
		{18682886-ACB0-47C2-313A-1C36E6891CAA}.Release|Any CPU.Build.0 = Release|Any CPU
		{18682886-ACB0-47C2-313A-1C36E6891CAA}.Release|Any CPU.Deploy.0 = Release|Any CPU
		{2C66ABA1-728B-406B-9E16-3A82EB4EDA88}.Debug|Any CPU.ActiveCfg = Debug|Any CPU
		{2C66ABA1-728B-406B-9E16-3A82EB4EDA88}.Debug|Any CPU.Build.0 = Debug|Any CPU
		{2C66ABA1-728B-406B-9E16-3A82EB4EDA88}.Release|Any CPU.ActiveCfg = Release|Any CPU
		{2C66ABA1-728B-406B-9E16-3A82EB4EDA88}.Release|Any CPU.Build.0 = Release|Any CPU
	EndGlobalSection
	GlobalSection(SolutionProperties) = preSolution
		HideSolutionNode = FALSE
	EndGlobalSection
	GlobalSection(ExtensibilityGlobals) = postSolution
		SolutionGuid = {121797CA-8B35-41B0-BBD3-87D81DB1B81E}
	EndGlobalSection
EndGlobal
